
Microsoft Visual Studio Solution File, Format Version 12.00
# Visual Studio Version 16
VisualStudioVersion = 16.0.33214.272
MinimumVisualStudioVersion = 10.0.40219.1
Project("{FAE04EC0-301F-11D3-BF4B-00C04F79EFBC}") = "ContratacionEmpleados", "ContratacionEmpleados\ContratacionEmpleados.csproj", "{E7907D7C-9807-4B1B-B01B-29E35A9EF032}"
EndProject
Global
	GlobalSection(SolutionConfigurationPlatforms) = preSolution
		Debug|Any CPU = Debug|Any CPU
		Release|Any CPU = Release|Any CPU
	EndGlobalSection
	GlobalSection(ProjectConfigurationPlatforms) = postSolution
		{E7907D7C-9807-4B1B-B01B-29E35A9EF032}.Debug|Any CPU.ActiveCfg = Debug|Any CPU
		{E7907D7C-9807-4B1B-B01B-29E35A9EF032}.Debug|Any CPU.Build.0 = Debug|Any CPU
		{E7907D7C-9807-4B1B-B01B-29E35A9EF032}.Release|Any CPU.ActiveCfg = Release|Any CPU
		{E7907D7C-9807-4B1B-B01B-29E35A9EF032}.Release|Any CPU.Build.0 = Release|Any CPU
	EndGlobalSection
	GlobalSection(SolutionProperties) = preSolution
		HideSolutionNode = FALSE
	EndGlobalSection
	GlobalSection(ExtensibilityGlobals) = postSolution
		SolutionGuid = {C4595C84-97ED-4CFC-8206-082C91C5D6AF}
	EndGlobalSection
EndGlobal
